{
  "version": "4",
  "specifiers": {
    "jsr:@henrygd/queue@^1.0.6": "1.0.7",
    "jsr:@irc/client@*": "0.17.2",
    "jsr:@std/fmt@*": "1.0.3",
    "jsr:@std/fmt@^1.0.2": "1.0.3"
  },
  "jsr": {
    "@henrygd/queue@1.0.7": {
      "integrity": "98cade132744bb420957c5413393f76eb8ba7261826f026c8a89a562b8fa2961"
    },
    "@irc/client@0.17.2": {
      "integrity": "9448e583f718d7e5af9ac387ffddcac5d953785499754d52360623bd35034cd5",
      "dependencies": [
        "jsr:@henrygd/queue",
        "jsr:@std/fmt@^1.0.2"
      ]
    },
    "@std/fmt@1.0.3": {
      "integrity": "97765c16aa32245ff4e2204ecf7d8562496a3cb8592340a80e7e554e0bb9149f"
    }
  },
  "workspace": {
    "dependencies": [
      "jsr:@std/assert@1"
    ]
  }
}
